
Microsoft Visual Studio Solution File, Format Version 12.00
# Visual Studio Version 17
VisualStudioVersion = 17.14.36414.22 d17.14
MinimumVisualStudioVersion = 10.0.40219.1
Project("{FAE04EC0-301F-11D3-BF4B-00C04F79EFBC}") = "H-Api", "H-Api\H-Api.csproj", "{005556D0-3B58-4550-AD27-6D4401CEC562}"
EndProject
Global
	GlobalSection(SolutionConfigurationPlatforms) = preSolution
		Debug|Any CPU = Debug|Any CPU
		Release|Any CPU = Release|Any CPU
	EndGlobalSection
	GlobalSection(ProjectConfigurationPlatforms) = postSolution
		{005556D0-3B58-4550-AD27-6D4401CEC562}.Debug|Any CPU.ActiveCfg = Debug|Any CPU
		{005556D0-3B58-4550-AD27-6D4401CEC562}.Debug|Any CPU.Build.0 = Debug|Any CPU
		{005556D0-3B58-4550-AD27-6D4401CEC562}.Release|Any CPU.ActiveCfg = Release|Any CPU
		{005556D0-3B58-4550-AD27-6D4401CEC562}.Release|Any CPU.Build.0 = Release|Any CPU
	EndGlobalSection
	GlobalSection(SolutionProperties) = preSolution
		HideSolutionNode = FALSE
	EndGlobalSection
	GlobalSection(ExtensibilityGlobals) = postSolution
		SolutionGuid = {CE4A6190-44A3-4D9E-A19D-384364583418}
	EndGlobalSection
EndGlobal
